PODS:
  - SDWebImage (5.13.1):
    - SDWebImage/Core (= 5.13.1)
  - SDWebImage/Core (5.13.1)

DEPENDENCIES:
  - SDWebImage (~> 5.0)

SPEC REPOS:
  trunk:
    - SDWebImage

SPEC CHECKSUMS:
  SDWebImage: fb26a455eeda4c7a55e4dcb6172dbb258af7a4ca

PODFILE CHECKSUM: c9cb1cb4d128eb41cfc4a62ca665e8654e5a5350

COCOAPODS: 1.11.2
